{
  "name": "camshare",
  "version": "1.0.0",
  "lockfileVersion": 2,
  "requires": true,
  "packages": {
    "": {
      "name": "camshare",
      "version": "1.0.0",
      "license": "ISC",
      "dependencies": {
        "force-ssl-heroku": "^1.0.2"
      }
    },
    "node_modules/force-ssl-heroku": {
      "version": "1.0.2",
      "resolved": "https://registry.npmjs.org/force-ssl-heroku/-/force-ssl-heroku-1.0.2.tgz",
      "integrity": "sha1-UoUDIwZrp4ncMw/szXgXx867JoA="
    }
  },
  "dependencies": {
    "force-ssl-heroku": {
      "version": "1.0.2",
      "resolved": "https://registry.npmjs.org/force-ssl-heroku/-/force-ssl-heroku-1.0.2.tgz",
      "integrity": "sha1-UoUDIwZrp4ncMw/szXgXx867JoA="
    }
  }
}
